// !$*UTF8*$!
{
	archiveVersion = 1;
	classes = {
	};
	objectVersion = 50;
	objects = {

/* Begin PBXBuildFile section */
		CBFC11AC24F3CD8000175027 /* AppDelegate.swift in Sources */ = {isa = PBXBuildFile; fileRef = CBFC11AB24F3CD8000175027 /* AppDelegate.swift */; };
		CBFC11AE24F3CD8000175027 /* SceneDelegate.swift in Sources */ = {isa = PBXBuildFile; fileRef = CBFC11AD24F3CD8000175027 /* SceneDelegate.swift */; };
		CBFC11B024F3CD8000175027 /* ViewController.swift in Sources */ = {isa = PBXBuildFile; fileRef = CBFC11AF24F3CD8000175027 /* ViewController.swift */; };
		CBFC11B324F3CD8000175027 /* Main.storyboard in Resources */ = {isa = PBXBuildFile; fileRef = CBFC11B124F3CD8000175027 /* Main.storyboard */; };
		CBFC11B524F3CD8300175027 /* Assets.xcassets in Resources */ = {isa = PBXBuildFile; fileRef = CBFC11B424F3CD8300175027 /* Assets.xcassets */; };
		CBFC11B824F3CD8300175027 /* LaunchScreen.storyboard in Resources */ = {isa = PBXBuildFile; fileRef = CBFC11B624F3CD8300175027 /* LaunchScreen.storyboard */; };
		CBFC11C324F3CD8400175027 /* HelloActionsTests.swift in Sources */ = {isa = PBXBuildFile; fileRef = CBFC11C224F3CD8400175027 /* HelloActionsTests.swift */; };
		CBFC11CE24F3CD8400175027 /* HelloActionsUITests.swift in Sources */ = {isa = PBXBuildFile; fileRef = CBFC11CD24F3CD8400175027 /* HelloActionsUITests.swift */; };
/* End PBXBuildFile section */

/* Begin PBXContainerItemProxy section */
		CBFC11BF24F3CD8400175027 /* PBXContainerItemProxy */ = {
			isa = PBXContainerItemProxy;
			containerPortal = CBFC11A024F3CD8000175027 /* Project object */;
			proxyType = 1;
			remoteGlobalIDString = CBFC11A724F3CD8000175027;
			remoteInfo = HelloActions;
		};
		CBFC11CA24F3CD8400175027 /* PBXContainerItemProxy */ = {
			isa = PBXContainerItemProxy;
			containerPortal = CBFC11A024F3CD8000175027 /* Project object */;
			proxyType = 1;
			remoteGlobalIDString = CBFC11A724F3CD8000175027;
			remoteInfo = HelloActions;
		};
/* End PBXContainerItemProxy section */

/* Begin PBXFileReference section */
		CBFC11A824F3CD8000175027 /* HelloActions.app */ = {isa = PBXFileReference; explicitFileType = wrapper.application; includeInIndex = 0; path = HelloActions.app; sourceTree = BUILT_PRODUCTS_DIR; };
		CBFC11AB24F3CD8000175027 /* AppDelegate.swift */ = {isa = PBXFileReference; lastKnownFileType = sourcecode.swift; path = AppDelegate.swift; sourceTree = "<group>"; };
		CBFC11AD24F3CD8000175027 /* SceneDelegate.swift */ = {isa = PBXFileReference; lastKnownFileType = sourcecode.swift; path = SceneDelegate.swift; sourceTree = "<group>"; };
		CBFC11AF24F3CD8000175027 /* ViewController.swift */ = {isa = PBXFileReference; lastKnownFileType = sourcecode.swift; path = ViewController.swift; sourceTree = "<group>"; };
		CBFC11B224F3CD8000175027 /* Base */ = {isa = PBXFileReference; lastKnownFileType = file.storyboard; name = Base; path = Base.lproj/Main.storyboard; sourceTree = "<group>"; };
		CBFC11B424F3CD8300175027 /* Assets.xcassets */ = {isa = PBXFileReference; lastKnownFileType = folder.assetcatalog; path = Assets.xcassets; sourceTree = "<group>"; };
		CBFC11B724F3CD8300175027 /* Base */ = {isa = PBXFileReference; lastKnownFileType = file.storyboard; name = Base; path = Base.lproj/LaunchScreen.storyboard; sourceTree = "<group>"; };
		CBFC11B924F3CD8300175027 /* Info.plist */ = {isa = PBXFileReference; lastKnownFileType = text.plist.xml; path = Info.plist; sourceTree = "<group>"; };
		CBFC11BE24F3CD8400175027 /* HelloActionsTests.xctest */ = {isa = PBXFileReference; explicitFileType = wrapper.cfbundle; includeInIndex = 0; path = HelloActionsTests.xctest; sourceTree = BUILT_PRODUCTS_DIR; };
		CBFC11C224F3CD8400175027 /* HelloActionsTests.swift */ = {isa = PBXFileReference; lastKnownFileType = sourcecode.swift; path = HelloActionsTests.swift; sourceTree = "<group>"; };
		CBFC11C424F3CD8400175027 /* Info.plist */ = {isa = PBXFileReference; lastKnownFileType = text.plist.xml; path = Info.plist; sourceTree = "<group>"; };
		CBFC11C924F3CD8400175027 /* HelloActionsUITests.xctest */ = {isa = PBXFileReference; explicitFileType = wrapper.cfbundle; includeInIndex = 0; path = HelloActionsUITests.xctest; sourceTree = BUILT_PRODUCTS_DIR; };
		CBFC11CD24F3CD8400175027 /* HelloActionsUITests.swift */ = {isa = PBXFileReference; lastKnownFileType = sourcecode.swift; path = HelloActionsUITests.swift; sourceTree = "<group>"; };
		CBFC11CF24F3CD8400175027 /* Info.plist */ = {isa = PBXFileReference; lastKnownFileType = text.plist.xml; path = Info.plist; sourceTree = "<group>"; };
/* End PBXFileReference section */

/* Begin PBXFrameworksBuildPhase section */
		CBFC11A524F3CD8000175027 /* Frameworks */ = {
			isa = PBXFrameworksBuildPhase;
			buildActionMask = 2147483647;
			files = (
			);
			runOnlyForDeploymentPostprocessing = 0;
		};
		CBFC11BB24F3CD8400175027 /* Frameworks */ = {
			isa = PBXFrameworksBuildPhase;
			buildActionMask = 2147483647;
			files = (
			);
			runOnlyForDeploymentPostprocessing = 0;
		};
		CBFC11C624F3CD8400175027 /* Frameworks */ = {
			isa = PBXFrameworksBuildPhase;
			buildActionMask = 2147483647;
			files = (
			);
			runOnlyForDeploymentPostprocessing = 0;
		};
/* End PBXFrameworksBuildPhase section */

/* Begin PBXGroup section */
		CBFC119F24F3CD8000175027 = {
			isa = PBXGroup;
			children = (
				CBFC11AA24F3CD8000175027 /* HelloActions */,
				CBFC11C124F3CD8400175027 /* HelloActionsTests */,
				CBFC11CC24F3CD8400175027 /* HelloActionsUITests */,
				CBFC11A924F3CD8000175027 /* Products */,
			);
			sourceTree = "<group>";
		};
		CBFC11A924F3CD8000175027 /* Products */ = {
			isa = PBXGroup;
			children = (
				CBFC11A824F3CD8000175027 /* HelloActions.app */,
				CBFC11BE24F3CD8400175027 /* HelloActionsTests.xctest */,
				CBFC11C924F3CD8400175027 /* HelloActionsUITests.xctest */,
			);
			name = Products;
			sourceTree = "<group>";
		};
		CBFC11AA24F3CD8000175027 /* HelloActions */ = {
			isa = PBXGroup;
			children = (
				CBFC11AB24F3CD8000175027 /* AppDelegate.swift */,
				CBFC11AD24F3CD8000175027 /* SceneDelegate.swift */,
				CBFC11AF24F3CD8000175027 /* ViewController.swift */,
				CBFC11B124F3CD8000175027 /* Main.storyboard */,
				CBFC11B424F3CD8300175027 /* Assets.xcassets */,
				CBFC11B624F3CD8300175027 /* LaunchScreen.storyboard */,
				CBFC11B924F3CD8300175027 /* Info.plist */,
			);
			path = HelloActions;
			sourceTree = "<group>";
		};
		CBFC11C124F3CD8400175027 /* HelloActionsTests */ = {
			isa = PBXGroup;
			children = (
				CBFC11C224F3CD8400175027 /* HelloActionsTests.swift */,
				CBFC11C424F3CD8400175027 /* Info.plist */,
			);
			path = HelloActionsTests;
			sourceTree = "<group>";
		};
		CBFC11CC24F3CD8400175027 /* HelloActionsUITests */ = {
			isa = PBXGroup;
			children = (
				CBFC11CD24F3CD8400175027 /* HelloActionsUITests.swift */,
				CBFC11CF24F3CD8400175027 /* Info.plist */,
			);
			path = HelloActionsUITests;
			sourceTree = "<group>";
		};
/* End PBXGroup section */

/* Begin PBXNativeTarget section */
		CBFC11A724F3CD8000175027 /* HelloActions */ = {
			isa = PBXNativeTarget;
			buildConfigurationList = CBFC11D224F3CD8400175027 /* Build configuration list for PBXNativeTarget "HelloActions" */;
			buildPhases = (
				CBFC11A424F3CD8000175027 /* Sources */,
				CBFC11A524F3CD8000175027 /* Frameworks */,
				CBFC11A624F3CD8000175027 /* Resources */,
			);
			buildRules = (
			);
			dependencies = (
			);
			name = HelloActions;
			productName = HelloActions;
			productReference = CBFC11A824F3CD8000175027 /* HelloActions.app */;
			productType = "com.apple.product-type.application";
		};
		CBFC11BD24F3CD8400175027 /* HelloActionsTests */ = {
			isa = PBXNativeTarget;
			buildConfigurationList = CBFC11D524F3CD8400175027 /* Build configuration list for PBXNativeTarget "HelloActionsTests" */;
			buildPhases = (
				CBFC11BA24F3CD8400175027 /* Sources */,
				CBFC11BB24F3CD8400175027 /* Frameworks */,
				CBFC11BC24F3CD8400175027 /* Resources */,
			);
			buildRules = (
			);
			dependencies = (
				CBFC11C024F3CD8400175027 /* PBXTargetDependency */,
			);
			name = HelloActionsTests;
			productName = HelloActionsTests;
			productReference = CBFC11BE24F3CD8400175027 /* HelloActionsTests.xctest */;
			productType = "com.apple.product-type.bundle.unit-test";
		};
		CBFC11C824F3CD8400175027 /* HelloActionsUITests */ = {
			isa = PBXNativeTarget;
			buildConfigurationList = CBFC11D824F3CD8400175027 /* Build configuration list for PBXNativeTarget "HelloActionsUITests" */;
			buildPhases = (
				CBFC11C524F3CD8400175027 /* Sources */,
				CBFC11C624F3CD8400175027 /* Frameworks */,
				CBFC11C724F3CD8400175027 /* Resources */,
			);
			buildRules = (
			);
			dependencies = (
				CBFC11CB24F3CD8400175027 /* PBXTargetDependency */,
			);
			name = HelloActionsUITests;
			productName = HelloActionsUITests;
			productReference = CBFC11C924F3CD8400175027 /* HelloActionsUITests.xctest */;
			productType = "com.apple.product-type.bundle.ui-testing";
		};
/* End PBXNativeTarget section */

/* Begin PBXProject section */
		CBFC11A024F3CD8000175027 /* Project object */ = {
			isa = PBXProject;
			attributes = {
				LastSwiftUpdateCheck = 1160;
				LastUpgradeCheck = 1160;
				ORGANIZATIONNAME = "Alexander von Below";
				TargetAttributes = {
					CBFC11A724F3CD8000175027 = {
						CreatedOnToolsVersion = 11.6;
					};
					CBFC11BD24F3CD8400175027 = {
						CreatedOnToolsVersion = 11.6;
						TestTargetID = CBFC11A724F3CD8000175027;
					};
					CBFC11C824F3CD8400175027 = {
						CreatedOnToolsVersion = 11.6;
						TestTargetID = CBFC11A724F3CD8000175027;
					};
				};
			};
			buildConfigurationList = CBFC11A324F3CD8000175027 /* Build configuration list for PBXProject "HelloActions" */;
			compatibilityVersion = "Xcode 9.3";
			developmentRegion = en;
			hasScannedForEncodings = 0;
			knownRegions = (
				en,
				Base,
			);
			mainGroup = CBFC119F24F3CD8000175027;
			productRefGroup = CBFC11A924F3CD8000175027 /* Products */;
			projectDirPath = "";
			projectRoot = "";
			targets = (
				CBFC11A724F3CD8000175027 /* HelloActions */,
				CBFC11BD24F3CD8400175027 /* HelloActionsTests */,
				CBFC11C824F3CD8400175027 /* HelloActionsUITests */,
			);
		};
/* End PBXProject section */

/* Begin PBXResourcesBuildPhase section */
		CBFC11A624F3CD8000175027 /* Resources */ = {
			isa = PBXResourcesBuildPhase;
			buildActionMask = 2147483647;
			files = (
				CBFC11B824F3CD8300175027 /* LaunchScreen.storyboard in Resources */,
				CBFC11B524F3CD8300175027 /* Assets.xcassets in Resources */,
				CBFC11B324F3CD8000175027 /* Main.storyboard in Resources */,
			);
			runOnlyForDeploymentPostprocessing = 0;
		};
		CBFC11BC24F3CD8400175027 /* Resources */ = {
			isa = PBXResourcesBuildPhase;
			buildActionMask = 2147483647;
			files = (
			);
			runOnlyForDeploymentPostprocessing = 0;
		};
		CBFC11C724F3CD8400175027 /* Resources */ = {
			isa = PBXResourcesBuildPhase;
			buildActionMask = 2147483647;
			files = (
			);
			runOnlyForDeploymentPostprocessing = 0;
		};
/* End PBXResourcesBuildPhase section */

/* Begin PBXSourcesBuildPhase section */
		CBFC11A424F3CD8000175027 /* Sources */ = {
			isa = PBXSourcesBuildPhase;
			buildActionMask = 2147483647;
			files = (
				CBFC11B024F3CD8000175027 /* ViewController.swift in Sources */,
				CBFC11AC24F3CD8000175027 /* AppDelegate.swift in Sources */,
				CBFC11AE24F3CD8000175027 /* SceneDelegate.swift in Sources */,
			);
			runOnlyForDeploymentPostprocessing = 0;
		};
		CBFC11BA24F3CD8400175027 /* Sources */ = {
			isa = PBXSourcesBuildPhase;
			buildActionMask = 2147483647;
			files = (
				CBFC11C324F3CD8400175027 /* HelloActionsTests.swift in Sources */,
			);
			runOnlyForDeploymentPostprocessing = 0;
		};
		CBFC11C524F3CD8400175027 /* Sources */ = {
			isa = PBXSourcesBuildPhase;
			buildActionMask = 2147483647;
			files = (
				CBFC11CE24F3CD8400175027 /* HelloActionsUITests.swift in Sources */,
			);
			runOnlyForDeploymentPostprocessing = 0;
		};
/* End PBXSourcesBuildPhase section */

/* Begin PBXTargetDependency section */
		CBFC11C024F3CD8400175027 /* PBXTargetDependency */ = {
			isa = PBXTargetDependency;
			target = CBFC11A724F3CD8000175027 /* HelloActions */;
			targetProxy = CBFC11BF24F3CD8400175027 /* PBXContainerItemProxy */;
		};
		CBFC11CB24F3CD8400175027 /* PBXTargetDependency */ = {
			isa = PBXTargetDependency;
			target = CBFC11A724F3CD8000175027 /* HelloActions */;
			targetProxy = CBFC11CA24F3CD8400175027 /* PBXContainerItemProxy */;
		};
/* End PBXTargetDependency section */

/* Begin PBXVariantGroup section */
		CBFC11B124F3CD8000175027 /* Main.storyboard */ = {
			isa = PBXVariantGroup;
			children = (
				CBFC11B224F3CD8000175027 /* Base */,
			);
			name = Main.storyboard;
			sourceTree = "<group>";
		};
		CBFC11B624F3CD8300175027 /* LaunchScreen.storyboard */ = {
			isa = PBXVariantGroup;
			children = (
				CBFC11B724F3CD8300175027 /* Base */,
			);
			name = LaunchScreen.storyboard;
			sourceTree = "<group>";
		};
/* End PBXVariantGroup section */

/* Begin XCBuildConfiguration section */
		CBFC11D024F3CD8400175027 /* Debug */ = {
			isa = XCBuildConfiguration;
			buildSettings = {
				ALWAYS_SEARCH_USER_PATHS = NO;
				CLANG_ANALYZER_NONNULL = YES;
				CLANG_ANALYZER_NUMBER_OBJECT_CONVERSION = YES_AGGRESSIVE;
				CLANG_CXX_LANGUAGE_STANDARD = "gnu++14";
				CLANG_CXX_LIBRARY = "libc++";
				CLANG_ENABLE_MODULES = YES;
				CLANG_ENABLE_OBJC_ARC = YES;
				CLANG_ENABLE_OBJC_WEAK = YES;
				CLANG_WARN_BLOCK_CAPTURE_AUTORELEASING = YES;
				CLANG_WARN_BOOL_CONVERSION = YES;
				CLANG_WARN_COMMA = YES;
				CLANG_WARN_CONSTANT_CONVERSION = YES;
				CLANG_WARN_DEPRECATED_OBJC_IMPLEMENTATIONS = YES;
				CLANG_WARN_DIRECT_OBJC_ISA_USAGE = YES_ERROR;
				CLANG_WARN_DOCUMENTATION_COMMENTS = YES;
				CLANG_WARN_EMPTY_BODY = YES;
				CLANG_WARN_ENUM_CONVERSION = YES;
				CLANG_WARN_INFINITE_RECURSION = YES;
				CLANG_WARN_INT_CONVERSION = YES;
				CLANG_WARN_NON_LITERAL_NULL_CONVERSION = YES;
				CLANG_WARN_OBJC_IMPLICIT_RETAIN_SELF = YES;
				CLANG_WARN_OBJC_LITERAL_CONVERSION = YES;
				CLANG_WARN_OBJC_ROOT_CLASS = YES_ERROR;
				CLANG_WARN_RANGE_LOOP_ANALYSIS = YES;
				CLANG_WARN_STRICT_PROTOTYPES = YES;
				CLANG_WARN_SUSPICIOUS_MOVE = YES;
				CLANG_WARN_UNGUARDED_AVAILABILITY = YES_AGGRESSIVE;
				CLANG_WARN_UNREACHABLE_CODE = YES;
				CLANG_WARN__DUPLICATE_METHOD_MATCH = YES;
				COPY_PHASE_STRIP = NO;
				DEBUG_INFORMATION_FORMAT = dwarf;
				ENABLE_STRICT_OBJC_MSGSEND = YES;
				ENABLE_TESTABILITY = YES;
				GCC_C_LANGUAGE_STANDARD = gnu11;
				GCC_DYNAMIC_NO_PIC = NO;
				GCC_NO_COMMON_BLOCKS = YES;
				GCC_OPTIMIZATION_LEVEL = 0;
				GCC_PREPROCESSOR_DEFINITIONS = (
					"DEBUG=1",
					"$(inherited)",
				);
				GCC_WARN_64_TO_32_BIT_CONVERSION = YES;
				GCC_WARN_ABOUT_RETURN_TYPE = YES_ERROR;
				GCC_WARN_UNDECLARED_SELECTOR = YES;
				GCC_WARN_UNINITIALIZED_AUTOS = YES_AGGRESSIVE;
				GCC_WARN_UNUSED_FUNCTION = YES;
				GCC_WARN_UNUSED_VARIABLE = YES;
				IPHONEOS_DEPLOYMENT_TARGET = 13.6;
				MTL_ENABLE_DEBUG_INFO = INCLUDE_SOURCE;
				MTL_FAST_MATH = YES;
				ONLY_ACTIVE_ARCH = YES;
				SDKROOT = iphoneos;
				SWIFT_ACTIVE_COMPILATION_CONDITIONS = DEBUG;
				SWIFT_OPTIMIZATION_LEVEL = "-Onone";
			};
			name = Debug;
		};
		CBFC11D124F3CD8400175027 /* Release */ = {
			isa = XCBuildConfiguration;
			buildSettings = {
				ALWAYS_SEARCH_USER_PATHS = NO;
				CLANG_ANALYZER_NONNULL = YES;
				CLANG_ANALYZER_NUMBER_OBJECT_CONVERSION = YES_AGGRESSIVE;
				CLANG_CXX_LANGUAGE_STANDARD = "gnu++14";
				CLANG_CXX_LIBRARY = "libc++";
				CLANG_ENABLE_MODULES = YES;
				CLANG_ENABLE_OBJC_ARC = YES;
				CLANG_ENABLE_OBJC_WEAK = YES;
				CLANG_WARN_BLOCK_CAPTURE_AUTORELEASING = YES;
				CLANG_WARN_BOOL_CONVERSION = YES;
				CLANG_WARN_COMMA = YES;
				CLANG_WARN_CONSTANT_CONVERSION = YES;
				CLANG_WARN_DEPRECATED_OBJC_IMPLEMENTATIONS = YES;
				CLANG_WARN_DIRECT_OBJC_ISA_USAGE = YES_ERROR;
				CLANG_WARN_DOCUMENTATION_COMMENTS = YES;
				CLANG_WARN_EMPTY_BODY = YES;
				CLANG_WARN_ENUM_CONVERSION = YES;
				CLANG_WARN_INFINITE_RECURSION = YES;
				CLANG_WARN_INT_CONVERSION = YES;
				CLANG_WARN_NON_LITERAL_NULL_CONVERSION = YES;
				CLANG_WARN_OBJC_IMPLICIT_RETAIN_SELF = YES;
				CLANG_WARN_OBJC_LITERAL_CONVERSION = YES;
				CLANG_WARN_OBJC_ROOT_CLASS = YES_ERROR;
				CLANG_WARN_RANGE_LOOP_ANALYSIS = YES;
				CLANG_WARN_STRICT_PROTOTYPES = YES;
				CLANG_WARN_SUSPICIOUS_MOVE = YES;
				CLANG_WARN_UNGUARDED_AVAILABILITY = YES_AGGRESSIVE;
				CLANG_WARN_UNREACHABLE_CODE = YES;
				CLANG_WARN__DUPLICATE_METHOD_MATCH = YES;
				COPY_PHASE_STRIP = NO;
				DEBUG_INFORMATION_FORMAT = "dwarf-with-dsym";
				ENABLE_NS_ASSERTIONS = NO;
				ENABLE_STRICT_OBJC_MSGSEND = YES;
				GCC_C_LANGUAGE_STANDARD = gnu11;
				GCC_NO_COMMON_BLOCKS = YES;
				GCC_WARN_64_TO_32_BIT_CONVERSION = YES;
				GCC_WARN_ABOUT_RETURN_TYPE = YES_ERROR;
				GCC_WARN_UNDECLARED_SELECTOR = YES;
				GCC_WARN_UNINITIALIZED_AUTOS = YES_AGGRESSIVE;
				GCC_WARN_UNUSED_FUNCTION = YES;
				GCC_WARN_UNUSED_VARIABLE = YES;
				IPHONEOS_DEPLOYMENT_TARGET = 13.6;
				MTL_ENABLE_DEBUG_INFO = NO;
				MTL_FAST_MATH = YES;
				SDKROOT = iphoneos;
				SWIFT_COMPILATION_MODE = wholemodule;
				SWIFT_OPTIMIZATION_LEVEL = "-O";
				VALIDATE_PRODUCT = YES;
			};
			name = Release;
		};
		CBFC11D324F3CD8400175027 /* Debug */ = {
			isa = XCBuildConfiguration;
			buildSettings = {
				ASSETCATALOG_COMPILER_APPICON_NAME = AppIcon;
				CODE_SIGN_STYLE = Automatic;
				DEVELOPMENT_TEAM = M3DTZN9V9B;
				INFOPLIST_FILE = HelloActions/Info.plist;
				LD_RUNPATH_SEARCH_PATHS = (
					"$(inherited)",
					"@executable_path/Frameworks",
				);
				PRODUCT_BUNDLE_IDENTIFIER = com.vonbelow.HelloActions;
				PRODUCT_NAME = "$(TARGET_NAME)";
				SWIFT_VERSION = 5.0;
				TARGETED_DEVICE_FAMILY = "1,2";
			};
			name = Debug;
		};
		CBFC11D424F3CD8400175027 /* Release */ = {
			isa = XCBuildConfiguration;
			buildSettings = {
				ASSETCATALOG_COMPILER_APPICON_NAME = AppIcon;
				CODE_SIGN_STYLE = Automatic;
				DEVELOPMENT_TEAM = M3DTZN9V9B;
				INFOPLIST_FILE = HelloActions/Info.plist;
				LD_RUNPATH_SEARCH_PATHS = (
					"$(inherited)",
					"@executable_path/Frameworks",
				);
				PRODUCT_BUNDLE_IDENTIFIER = com.vonbelow.HelloActions;
				PRODUCT_NAME = "$(TARGET_NAME)";
				SWIFT_VERSION = 5.0;
				TARGETED_DEVICE_FAMILY = "1,2";
			};
			name = Release;
		};
		CBFC11D624F3CD8400175027 /* Debug */ = {
			isa = XCBuildConfiguration;
			buildSettings = {
				ALWAYS_EMBED_SWIFT_STANDARD_LIBRARIES = YES;
				BUNDLE_LOADER = "$(TEST_HOST)";
				CODE_SIGN_STYLE = Automatic;
				DEVELOPMENT_TEAM = M3DTZN9V9B;
				INFOPLIST_FILE = HelloActionsTests/Info.plist;
				IPHONEOS_DEPLOYMENT_TARGET = 13.6;
				LD_RUNPATH_SEARCH_PATHS = (
					"$(inherited)",
					"@executable_path/Frameworks",
					"@loader_path/Frameworks",
				);
				PRODUCT_BUNDLE_IDENTIFIER = com.vonbelow.HelloActionsTests;
				PRODUCT_NAME = "$(TARGET_NAME)";
				SWIFT_VERSION = 5.0;
				TARGETED_DEVICE_FAMILY = "1,2";
				TEST_HOST = "$(BUILT_PRODUCTS_DIR)/HelloActions.app/HelloActions";
			};
			name = Debug;
		};
		CBFC11D724F3CD8400175027 /* Release */ = {
			isa = XCBuildConfiguration;
			buildSettings = {
				ALWAYS_EMBED_SWIFT_STANDARD_LIBRARIES = YES;
				BUNDLE_LOADER = "$(TEST_HOST)";
				CODE_SIGN_STYLE = Automatic;
				DEVELOPMENT_TEAM = M3DTZN9V9B;
				INFOPLIST_FILE = HelloActionsTests/Info.plist;
				IPHONEOS_DEPLOYMENT_TARGET = 13.6;
				LD_RUNPATH_SEARCH_PATHS = (
					"$(inherited)",
					"@executable_path/Frameworks",
					"@loader_path/Frameworks",
				);
				PRODUCT_BUNDLE_IDENTIFIER = com.vonbelow.HelloActionsTests;
				PRODUCT_NAME = "$(TARGET_NAME)";
				SWIFT_VERSION = 5.0;
				TARGETED_DEVICE_FAMILY = "1,2";
				TEST_HOST = "$(BUILT_PRODUCTS_DIR)/HelloActions.app/HelloActions";
			};
			name = Release;
		};
		CBFC11D924F3CD8400175027 /* Debug */ = {
			isa = XCBuildConfiguration;
			buildSettings = {
				ALWAYS_EMBED_SWIFT_STANDARD_LIBRARIES = YES;
				CODE_SIGN_STYLE = Automatic;
				DEVELOPMENT_TEAM = M3DTZN9V9B;
				INFOPLIST_FILE = HelloActionsUITests/Info.plist;
				LD_RUNPATH_SEARCH_PATHS = (
					"$(inherited)",
					"@executable_path/Frameworks",
					"@loader_path/Frameworks",
				);
				PRODUCT_BUNDLE_IDENTIFIER = com.vonbelow.HelloActionsUITests;
				PRODUCT_NAME = "$(TARGET_NAME)";
				SWIFT_VERSION = 5.0;
				TARGETED_DEVICE_FAMILY = "1,2";
				TEST_TARGET_NAME = HelloActions;
			};
			name = Debug;
		};
		CBFC11DA24F3CD8400175027 /* Release */ = {
			isa = XCBuildConfiguration;
			buildSettings = {
				ALWAYS_EMBED_SWIFT_STANDARD_LIBRARIES = YES;
				CODE_SIGN_STYLE = Automatic;
				DEVELOPMENT_TEAM = M3DTZN9V9B;
				INFOPLIST_FILE = HelloActionsUITests/Info.plist;
				LD_RUNPATH_SEARCH_PATHS = (
					"$(inherited)",
					"@executable_path/Frameworks",
					"@loader_path/Frameworks",
				);
				PRODUCT_BUNDLE_IDENTIFIER = com.vonbelow.HelloActionsUITests;
				PRODUCT_NAME = "$(TARGET_NAME)";
				SWIFT_VERSION = 5.0;
				TARGETED_DEVICE_FAMILY = "1,2";
				TEST_TARGET_NAME = HelloActions;
			};
			name = Release;
		};
/* End XCBuildConfiguration section */

/* Begin XCConfigurationList section */
		CBFC11A324F3CD8000175027 /* Build configuration list for PBXProject "HelloActions" */ = {
			isa = XCConfigurationList;
			buildConfigurations = (
				CBFC11D024F3CD8400175027 /* Debug */,
				CBFC11D124F3CD8400175027 /* Release */,
			);
			defaultConfigurationIsVisible = 0;
			defaultConfigurationName = Release;
		};
		CBFC11D224F3CD8400175027 /* Build configuration list for PBXNativeTarget "HelloActions" */ = {
			isa = XCConfigurationList;
			buildConfigurations = (
				CBFC11D324F3CD8400175027 /* Debug */,
				CBFC11D424F3CD8400175027 /* Release */,
			);
			defaultConfigurationIsVisible = 0;
			defaultConfigurationName = Release;
		};
		CBFC11D524F3CD8400175027 /* Build configuration list for PBXNativeTarget "HelloActionsTests" */ = {
			isa = XCConfigurationList;
			buildConfigurations = (
				CBFC11D624F3CD8400175027 /* Debug */,
				CBFC11D724F3CD8400175027 /* Release */,
			);
			defaultConfigurationIsVisible = 0;
			defaultConfigurationName = Release;
		};
		CBFC11D824F3CD8400175027 /* Build configuration list for PBXNativeTarget "HelloActionsUITests" */ = {
			isa = XCConfigurationList;
			buildConfigurations = (
				CBFC11D924F3CD8400175027 /* Debug */,
				CBFC11DA24F3CD8400175027 /* Release */,
			);
			defaultConfigurationIsVisible = 0;
			defaultConfigurationName = Release;
		};
/* End XCConfigurationList section */
	};
	rootObject = CBFC11A024F3CD8000175027 /* Project object */;
}
